
Microsoft Visual Studio Solution File, Format Version 12.00
# Visual Studio Version 16
VisualStudioVersion = 16.0.34031.81
MinimumVisualStudioVersion = 10.0.40219.1
Project("{2150E333-8FDC-42A3-9474-1A3956D46DE8}") = "Task0", "Task0", "{94AA75DA-82BB-4A1C-A47D-D6E25656CB6A}"
EndProject
Project("{FAE04EC0-301F-11D3-BF4B-00C04F79EFBC}") = "Tyuiu.UsoltsevAD.Sprint2.Task0.V28", "Tyuiu.UsoltsevAD.Sprint2.Task0.V28\Tyuiu.UsoltsevAD.Sprint2.Task0.V28.csproj", "{8232D304-FBFE-4AAA-A187-790783A2EF48}"
EndProject
Project("{FAE04EC0-301F-11D3-BF4B-00C04F79EFBC}") = "Tyuiu.UsoltsevAD.Sprint2.Task0.V28.Lib", "Tyuiu.UsoltsevAD.Sprint2.Task0.V28.Lib\Tyuiu.UsoltsevAD.Sprint2.Task0.V28.Lib.csproj", "{C37177A6-1037-44CC-B15A-90B303CF819E}"
EndProject
Project("{FAE04EC0-301F-11D3-BF4B-00C04F79EFBC}") = "Tyuiu.UsoltsevAD.Sprint2.Task0.V28.Test", "Tyuiu.UsoltsevAD.Sprint2.Task0.V28.Test\Tyuiu.UsoltsevAD.Sprint2.Task0.V28.Test.csproj", "{72693430-F19C-4121-9FD8-9398908E93A9}"
EndProject
Project("{2150E333-8FDC-42A3-9474-1A3956D46DE8}") = "Task1", "Task1", "{B5267258-9746-4F0C-A34F-CFABE05986C2}"
EndProject
Project("{FAE04EC0-301F-11D3-BF4B-00C04F79EFBC}") = "Tyuiu.UsoltsevAD.Sprint2.Task1.V17", "Tyuiu.UsoltsevAD.Sprint2.Task1.V17\Tyuiu.UsoltsevAD.Sprint2.Task1.V17.csproj", "{0F266C5A-8922-4A27-9D09-D783FE90CEE9}"
EndProject
Project("{FAE04EC0-301F-11D3-BF4B-00C04F79EFBC}") = "Tyuiu.UsoltsevAD.Sprint2.Task1.V17.Lib", "Tyuiu.UsoltsevAD.Sprint2.Task1.V17.Lib\Tyuiu.UsoltsevAD.Sprint2.Task1.V17.Lib.csproj", "{99189BC0-9483-4B4D-8B53-E112080FF106}"
EndProject
Project("{FAE04EC0-301F-11D3-BF4B-00C04F79EFBC}") = "Tyuiu.UsoltsevAD.Sprint2.Task1.V17.Test", "Tyuiu.UsoltsevAD.Sprint2.Task1.V17.Test\Tyuiu.UsoltsevAD.Sprint2.Task1.V17.Test.csproj", "{E0466625-2945-4027-9F91-EFDCEB1C5A01}"
EndProject
Project("{2150E333-8FDC-42A3-9474-1A3956D46DE8}") = "Task2", "Task2", "{CC27FB97-6F5C-4427-8129-73244D397341}"
EndProject
Project("{FAE04EC0-301F-11D3-BF4B-00C04F79EFBC}") = "Tyuiu.UsoltsevAD.Sprint2.Task2.V28", "Tyuiu.UsoltsevAD.Sprint2.Task2.V28\Tyuiu.UsoltsevAD.Sprint2.Task2.V28.csproj", "{D43F87DA-3B86-4C14-93E3-7628D7A60EFC}"
EndProject
Project("{FAE04EC0-301F-11D3-BF4B-00C04F79EFBC}") = "Tyuiu.UsoltsevAD.Sprint2.Task2.V28.Lib", "Tyuiu.UsoltsevAD.Sprint2.Task2.V28.Lib\Tyuiu.UsoltsevAD.Sprint2.Task2.V28.Lib.csproj", "{1A3B09CC-8E50-43BF-ABBF-C6D71317A2F9}"
EndProject
Project("{FAE04EC0-301F-11D3-BF4B-00C04F79EFBC}") = "Tyuiu.UsoltsevAD.Sprint2.Task2.V28.Test", "Tyuiu.UsoltsevAD.Sprint2.Task2.V28.Test\Tyuiu.UsoltsevAD.Sprint2.Task2.V28.Test.csproj", "{CA28AE95-8C63-4EBE-A2BB-015DE7F1465E}"
EndProject
Project("{2150E333-8FDC-42A3-9474-1A3956D46DE8}") = "Task3", "Task3", "{6A4B338C-584D-4729-8BE7-9E78E13B2BE2}"
EndProject
Project("{FAE04EC0-301F-11D3-BF4B-00C04F79EFBC}") = "Tyuiu.UsoltsevAD.Sprint2.Task3.V14", "Tyuiu.UsoltsevAD.Sprint2.Task3.V14\Tyuiu.UsoltsevAD.Sprint2.Task3.V14.csproj", "{292AAADA-AC8F-4C26-9D76-EDB9488B1049}"
EndProject
Project("{FAE04EC0-301F-11D3-BF4B-00C04F79EFBC}") = "Tyuiu.UsoltsevAD.Sprint2.Task3.V14.Lib", "Tyuiu.UsoltsevAD.Sprint2.Task3.V14.Lib\Tyuiu.UsoltsevAD.Sprint2.Task3.V14.Lib.csproj", "{71C3B02C-09E3-4B9B-A2C0-57F19AB88EC8}"
EndProject
Project("{FAE04EC0-301F-11D3-BF4B-00C04F79EFBC}") = "Tyuiu.UsoltsevAD.Sprint2.Task3.V14.Test", "Tyuiu.UsoltsevAD.Sprint2.Task3.V14.Test\Tyuiu.UsoltsevAD.Sprint2.Task3.V14.Test.csproj", "{E8A5700D-2585-4E93-9A0F-C26D1505375C}"
EndProject
Project("{2150E333-8FDC-42A3-9474-1A3956D46DE8}") = "Task4", "Task4", "{0E1C704F-B925-40B8-B175-AB9D61E0E261}"
EndProject
Project("{FAE04EC0-301F-11D3-BF4B-00C04F79EFBC}") = "Tyuiu.UsoltsevAD.Sprint2.Task4.V16", "Tyuiu.UsoltsevAD.Sprint2.Task4.V16\Tyuiu.UsoltsevAD.Sprint2.Task4.V16.csproj", "{BE8C249E-1D79-4D6E-A8E8-204B04DFCED5}"
EndProject
Project("{FAE04EC0-301F-11D3-BF4B-00C04F79EFBC}") = "Tyuiu.UsoltsevAD.Sprint2.Task4.V16.Lib", "Tyuiu.UsoltsevAD.Sprint2.Task4.V16.Lib\Tyuiu.UsoltsevAD.Sprint2.Task4.V16.Lib.csproj", "{595835EA-1891-497B-B844-254A9757C9D1}"
EndProject
Project("{FAE04EC0-301F-11D3-BF4B-00C04F79EFBC}") = "Tyuiu.UsoltsevAD.Sprint2.Task4.V16.Test", "Tyuiu.UsoltsevAD.Sprint2.Task4.V16.Test\Tyuiu.UsoltsevAD.Sprint2.Task4.V16.Test.csproj", "{F1521B3E-668E-42EA-82B6-8B1CDB304B15}"
EndProject
Project("{2150E333-8FDC-42A3-9474-1A3956D46DE8}") = "Task5", "Task5", "{AF95BE5E-E39B-4FCE-8C0F-83C77E70B024}"
EndProject
Project("{FAE04EC0-301F-11D3-BF4B-00C04F79EFBC}") = "Tyuiu.UsoltsevAD.Sprint2.Task5.V15", "Tyuiu.UsoltsevAD.Sprint2.Task5.V15\Tyuiu.UsoltsevAD.Sprint2.Task5.V15.csproj", "{39C0DDBD-38D5-4B67-BA86-0FDD02841F2F}"
EndProject
Project("{FAE04EC0-301F-11D3-BF4B-00C04F79EFBC}") = "Tyuiu.UsoltsevAD.Sprint2.Task5.V15.Lib", "Tyuiu.UsoltsevAD.Sprint2.Task5.V15.Lib\Tyuiu.UsoltsevAD.Sprint2.Task5.V15.Lib.csproj", "{77CE1BA6-4B13-4B6F-B5D3-CB0374DAA6A8}"
EndProject
Project("{FAE04EC0-301F-11D3-BF4B-00C04F79EFBC}") = "Tyuiu.UsoltsevAD.Sprint2.Task5.V15.Test", "Tyuiu.UsoltsevAD.Sprint2.Task5.V15.Test\Tyuiu.UsoltsevAD.Sprint2.Task5.V15.Test.csproj", "{6CB70CE7-B3FC-46AF-B3EA-EB78D3B13FB6}"
EndProject
Project("{2150E333-8FDC-42A3-9474-1A3956D46DE8}") = "Task6", "Task6", "{84A35AE8-0178-4492-8246-D0C2C2A24699}"
EndProject
Project("{FAE04EC0-301F-11D3-BF4B-00C04F79EFBC}") = "Tyuiu.UsoltsevAD.Sprint2.Task6.V9", "Tyuiu.UsoltsevAD.Sprint2.Task6.V9\Tyuiu.UsoltsevAD.Sprint2.Task6.V9.csproj", "{F5165659-A761-419C-AFCC-B91F06EBD71B}"
EndProject
Project("{FAE04EC0-301F-11D3-BF4B-00C04F79EFBC}") = "Tyuiu.UsoltsevAD.Sprint2.Task6.V9.Lib", "Tyuiu.UsoltsevAD.Sprint2.Task6.V9.Lib\Tyuiu.UsoltsevAD.Sprint2.Task6.V9.Lib.csproj", "{A43491BD-4FB8-449B-8DB2-26956AAAB46E}"
EndProject
Project("{FAE04EC0-301F-11D3-BF4B-00C04F79EFBC}") = "Tyuiu.UsoltsevAD.Sprint2.Task6.V9.Test", "Tyuiu.UsoltsevAD.Sprint2.Task6.V9.Test\Tyuiu.UsoltsevAD.Sprint2.Task6.V9.Test.csproj", "{C666C7DC-BC22-49B8-BBD8-6A769A5E3820}"
EndProject
Project("{2150E333-8FDC-42A3-9474-1A3956D46DE8}") = "Task7", "Task7", "{5EA2FBB7-308B-450C-B649-0FDFCB079677}"
EndProject
Project("{FAE04EC0-301F-11D3-BF4B-00C04F79EFBC}") = "Tyuiu.UsoltsevAD.Sprint2.Task7.V9", "Tyuiu.UsoltsevAD.Sprint2.Task7.V9\Tyuiu.UsoltsevAD.Sprint2.Task7.V9.csproj", "{86E16CD7-8DEE-4F3B-90ED-7271E2E2B7D9}"
EndProject
Project("{FAE04EC0-301F-11D3-BF4B-00C04F79EFBC}") = "Tyuiu.UsoltsevAD.Sprint2.Task7.V9.Lib", "Tyuiu.UsoltsevAD.Sprint2.Task7.V9.Lib\Tyuiu.UsoltsevAD.Sprint2.Task7.V9.Lib.csproj", "{B7C1D8A5-BC48-4055-905F-06431E636DB0}"
EndProject
Project("{FAE04EC0-301F-11D3-BF4B-00C04F79EFBC}") = "Tyuiu.UsoltsevAD.Sprint2.Task7.V9.Test", "Tyuiu.UsoltsevAD.Sprint2.Task7.V9.Test\Tyuiu.UsoltsevAD.Sprint2.Task7.V9.Test.csproj", "{A2371DA8-44AD-4DFE-998D-F9A6AB1663AD}"
EndProject
Global
	GlobalSection(SolutionConfigurationPlatforms) = preSolution
		Debug|Any CPU = Debug|Any CPU
		Release|Any CPU = Release|Any CPU
	EndGlobalSection
	GlobalSection(ProjectConfigurationPlatforms) = postSolution
		{8232D304-FBFE-4AAA-A187-790783A2EF48}.Debug|Any CPU.ActiveCfg = Debug|Any CPU
		{8232D304-FBFE-4AAA-A187-790783A2EF48}.Debug|Any CPU.Build.0 = Debug|Any CPU
		{8232D304-FBFE-4AAA-A187-790783A2EF48}.Release|Any CPU.ActiveCfg = Release|Any CPU
		{8232D304-FBFE-4AAA-A187-790783A2EF48}.Release|Any CPU.Build.0 = Release|Any CPU
		{C37177A6-1037-44CC-B15A-90B303CF819E}.Debug|Any CPU.ActiveCfg = Debug|Any CPU
		{C37177A6-1037-44CC-B15A-90B303CF819E}.Debug|Any CPU.Build.0 = Debug|Any CPU
		{C37177A6-1037-44CC-B15A-90B303CF819E}.Release|Any CPU.ActiveCfg = Release|Any CPU
		{C37177A6-1037-44CC-B15A-90B303CF819E}.Release|Any CPU.Build.0 = Release|Any CPU
		{72693430-F19C-4121-9FD8-9398908E93A9}.Debug|Any CPU.ActiveCfg = Debug|Any CPU
		{72693430-F19C-4121-9FD8-9398908E93A9}.Debug|Any CPU.Build.0 = Debug|Any CPU
		{72693430-F19C-4121-9FD8-9398908E93A9}.Release|Any CPU.ActiveCfg = Release|Any CPU
		{72693430-F19C-4121-9FD8-9398908E93A9}.Release|Any CPU.Build.0 = Release|Any CPU
		{0F266C5A-8922-4A27-9D09-D783FE90CEE9}.Debug|Any CPU.ActiveCfg = Debug|Any CPU
		{0F266C5A-8922-4A27-9D09-D783FE90CEE9}.Debug|Any CPU.Build.0 = Debug|Any CPU
		{0F266C5A-8922-4A27-9D09-D783FE90CEE9}.Release|Any CPU.ActiveCfg = Release|Any CPU
		{0F266C5A-8922-4A27-9D09-D783FE90CEE9}.Release|Any CPU.Build.0 = Release|Any CPU
		{99189BC0-9483-4B4D-8B53-E112080FF106}.Debug|Any CPU.ActiveCfg = Debug|Any CPU
		{99189BC0-9483-4B4D-8B53-E112080FF106}.Debug|Any CPU.Build.0 = Debug|Any CPU
		{99189BC0-9483-4B4D-8B53-E112080FF106}.Release|Any CPU.ActiveCfg = Release|Any CPU
		{99189BC0-9483-4B4D-8B53-E112080FF106}.Release|Any CPU.Build.0 = Release|Any CPU
		{E0466625-2945-4027-9F91-EFDCEB1C5A01}.Debug|Any CPU.ActiveCfg = Debug|Any CPU
		{E0466625-2945-4027-9F91-EFDCEB1C5A01}.Debug|Any CPU.Build.0 = Debug|Any CPU
		{E0466625-2945-4027-9F91-EFDCEB1C5A01}.Release|Any CPU.ActiveCfg = Release|Any CPU
		{E0466625-2945-4027-9F91-EFDCEB1C5A01}.Release|Any CPU.Build.0 = Release|Any CPU
		{D43F87DA-3B86-4C14-93E3-7628D7A60EFC}.Debug|Any CPU.ActiveCfg = Debug|Any CPU
		{D43F87DA-3B86-4C14-93E3-7628D7A60EFC}.Debug|Any CPU.Build.0 = Debug|Any CPU
		{D43F87DA-3B86-4C14-93E3-7628D7A60EFC}.Release|Any CPU.ActiveCfg = Release|Any CPU
		{D43F87DA-3B86-4C14-93E3-7628D7A60EFC}.Release|Any CPU.Build.0 = Release|Any CPU
		{1A3B09CC-8E50-43BF-ABBF-C6D71317A2F9}.Debug|Any CPU.ActiveCfg = Debug|Any CPU
		{1A3B09CC-8E50-43BF-ABBF-C6D71317A2F9}.Debug|Any CPU.Build.0 = Debug|Any CPU
		{1A3B09CC-8E50-43BF-ABBF-C6D71317A2F9}.Release|Any CPU.ActiveCfg = Release|Any CPU
		{1A3B09CC-8E50-43BF-ABBF-C6D71317A2F9}.Release|Any CPU.Build.0 = Release|Any CPU
		{CA28AE95-8C63-4EBE-A2BB-015DE7F1465E}.Debug|Any CPU.ActiveCfg = Debug|Any CPU
		{CA28AE95-8C63-4EBE-A2BB-015DE7F1465E}.Debug|Any CPU.Build.0 = Debug|Any CPU
		{CA28AE95-8C63-4EBE-A2BB-015DE7F1465E}.Release|Any CPU.ActiveCfg = Release|Any CPU
		{CA28AE95-8C63-4EBE-A2BB-015DE7F1465E}.Release|Any CPU.Build.0 = Release|Any CPU
		{292AAADA-AC8F-4C26-9D76-EDB9488B1049}.Debug|Any CPU.ActiveCfg = Debug|Any CPU
		{292AAADA-AC8F-4C26-9D76-EDB9488B1049}.Debug|Any CPU.Build.0 = Debug|Any CPU
		{292AAADA-AC8F-4C26-9D76-EDB9488B1049}.Release|Any CPU.ActiveCfg = Release|Any CPU
		{292AAADA-AC8F-4C26-9D76-EDB9488B1049}.Release|Any CPU.Build.0 = Release|Any CPU
		{71C3B02C-09E3-4B9B-A2C0-57F19AB88EC8}.Debug|Any CPU.ActiveCfg = Debug|Any CPU
		{71C3B02C-09E3-4B9B-A2C0-57F19AB88EC8}.Debug|Any CPU.Build.0 = Debug|Any CPU
		{71C3B02C-09E3-4B9B-A2C0-57F19AB88EC8}.Release|Any CPU.ActiveCfg = Release|Any CPU
		{71C3B02C-09E3-4B9B-A2C0-57F19AB88EC8}.Release|Any CPU.Build.0 = Release|Any CPU
		{E8A5700D-2585-4E93-9A0F-C26D1505375C}.Debug|Any CPU.ActiveCfg = Debug|Any CPU
		{E8A5700D-2585-4E93-9A0F-C26D1505375C}.Debug|Any CPU.Build.0 = Debug|Any CPU
		{E8A5700D-2585-4E93-9A0F-C26D1505375C}.Release|Any CPU.ActiveCfg = Release|Any CPU
		{E8A5700D-2585-4E93-9A0F-C26D1505375C}.Release|Any CPU.Build.0 = Release|Any CPU
		{BE8C249E-1D79-4D6E-A8E8-204B04DFCED5}.Debug|Any CPU.ActiveCfg = Debug|Any CPU
		{BE8C249E-1D79-4D6E-A8E8-204B04DFCED5}.Debug|Any CPU.Build.0 = Debug|Any CPU
		{BE8C249E-1D79-4D6E-A8E8-204B04DFCED5}.Release|Any CPU.ActiveCfg = Release|Any CPU
		{BE8C249E-1D79-4D6E-A8E8-204B04DFCED5}.Release|Any CPU.Build.0 = Release|Any CPU
		{595835EA-1891-497B-B844-254A9757C9D1}.Debug|Any CPU.ActiveCfg = Debug|Any CPU
		{595835EA-1891-497B-B844-254A9757C9D1}.Debug|Any CPU.Build.0 = Debug|Any CPU
		{595835EA-1891-497B-B844-254A9757C9D1}.Release|Any CPU.ActiveCfg = Release|Any CPU
		{595835EA-1891-497B-B844-254A9757C9D1}.Release|Any CPU.Build.0 = Release|Any CPU
		{F1521B3E-668E-42EA-82B6-8B1CDB304B15}.Debug|Any CPU.ActiveCfg = Debug|Any CPU
		{F1521B3E-668E-42EA-82B6-8B1CDB304B15}.Debug|Any CPU.Build.0 = Debug|Any CPU
		{F1521B3E-668E-42EA-82B6-8B1CDB304B15}.Release|Any CPU.ActiveCfg = Release|Any CPU
		{F1521B3E-668E-42EA-82B6-8B1CDB304B15}.Release|Any CPU.Build.0 = Release|Any CPU
		{39C0DDBD-38D5-4B67-BA86-0FDD02841F2F}.Debug|Any CPU.ActiveCfg = Debug|Any CPU
		{39C0DDBD-38D5-4B67-BA86-0FDD02841F2F}.Debug|Any CPU.Build.0 = Debug|Any CPU
		{39C0DDBD-38D5-4B67-BA86-0FDD02841F2F}.Release|Any CPU.ActiveCfg = Release|Any CPU
		{39C0DDBD-38D5-4B67-BA86-0FDD02841F2F}.Release|Any CPU.Build.0 = Release|Any CPU
		{77CE1BA6-4B13-4B6F-B5D3-CB0374DAA6A8}.Debug|Any CPU.ActiveCfg = Debug|Any CPU
		{77CE1BA6-4B13-4B6F-B5D3-CB0374DAA6A8}.Debug|Any CPU.Build.0 = Debug|Any CPU
		{77CE1BA6-4B13-4B6F-B5D3-CB0374DAA6A8}.Release|Any CPU.ActiveCfg = Release|Any CPU
		{77CE1BA6-4B13-4B6F-B5D3-CB0374DAA6A8}.Release|Any CPU.Build.0 = Release|Any CPU
		{6CB70CE7-B3FC-46AF-B3EA-EB78D3B13FB6}.Debug|Any CPU.ActiveCfg = Debug|Any CPU
		{6CB70CE7-B3FC-46AF-B3EA-EB78D3B13FB6}.Debug|Any CPU.Build.0 = Debug|Any CPU
		{6CB70CE7-B3FC-46AF-B3EA-EB78D3B13FB6}.Release|Any CPU.ActiveCfg = Release|Any CPU
		{6CB70CE7-B3FC-46AF-B3EA-EB78D3B13FB6}.Release|Any CPU.Build.0 = Release|Any CPU
		{F5165659-A761-419C-AFCC-B91F06EBD71B}.Debug|Any CPU.ActiveCfg = Debug|Any CPU
		{F5165659-A761-419C-AFCC-B91F06EBD71B}.Debug|Any CPU.Build.0 = Debug|Any CPU
		{F5165659-A761-419C-AFCC-B91F06EBD71B}.Release|Any CPU.ActiveCfg = Release|Any CPU
		{F5165659-A761-419C-AFCC-B91F06EBD71B}.Release|Any CPU.Build.0 = Release|Any CPU
		{A43491BD-4FB8-449B-8DB2-26956AAAB46E}.Debug|Any CPU.ActiveCfg = Debug|Any CPU
		{A43491BD-4FB8-449B-8DB2-26956AAAB46E}.Debug|Any CPU.Build.0 = Debug|Any CPU
		{A43491BD-4FB8-449B-8DB2-26956AAAB46E}.Release|Any CPU.ActiveCfg = Release|Any CPU
		{A43491BD-4FB8-449B-8DB2-26956AAAB46E}.Release|Any CPU.Build.0 = Release|Any CPU
		{C666C7DC-BC22-49B8-BBD8-6A769A5E3820}.Debug|Any CPU.ActiveCfg = Debug|Any CPU
		{C666C7DC-BC22-49B8-BBD8-6A769A5E3820}.Debug|Any CPU.Build.0 = Debug|Any CPU
		{C666C7DC-BC22-49B8-BBD8-6A769A5E3820}.Release|Any CPU.ActiveCfg = Release|Any CPU
		{C666C7DC-BC22-49B8-BBD8-6A769A5E3820}.Release|Any CPU.Build.0 = Release|Any CPU
		{86E16CD7-8DEE-4F3B-90ED-7271E2E2B7D9}.Debug|Any CPU.ActiveCfg = Debug|Any CPU
		{86E16CD7-8DEE-4F3B-90ED-7271E2E2B7D9}.Debug|Any CPU.Build.0 = Debug|Any CPU
		{86E16CD7-8DEE-4F3B-90ED-7271E2E2B7D9}.Release|Any CPU.ActiveCfg = Release|Any CPU
		{86E16CD7-8DEE-4F3B-90ED-7271E2E2B7D9}.Release|Any CPU.Build.0 = Release|Any CPU
		{B7C1D8A5-BC48-4055-905F-06431E636DB0}.Debug|Any CPU.ActiveCfg = Debug|Any CPU
		{B7C1D8A5-BC48-4055-905F-06431E636DB0}.Debug|Any CPU.Build.0 = Debug|Any CPU
		{B7C1D8A5-BC48-4055-905F-06431E636DB0}.Release|Any CPU.ActiveCfg = Release|Any CPU
		{B7C1D8A5-BC48-4055-905F-06431E636DB0}.Release|Any CPU.Build.0 = Release|Any CPU
		{A2371DA8-44AD-4DFE-998D-F9A6AB1663AD}.Debug|Any CPU.ActiveCfg = Debug|Any CPU
		{A2371DA8-44AD-4DFE-998D-F9A6AB1663AD}.Debug|Any CPU.Build.0 = Debug|Any CPU
		{A2371DA8-44AD-4DFE-998D-F9A6AB1663AD}.Release|Any CPU.ActiveCfg = Release|Any CPU
		{A2371DA8-44AD-4DFE-998D-F9A6AB1663AD}.Release|Any CPU.Build.0 = Release|Any CPU
	EndGlobalSection
	GlobalSection(SolutionProperties) = preSolution
		HideSolutionNode = FALSE
	EndGlobalSection
	GlobalSection(NestedProjects) = preSolution
		{8232D304-FBFE-4AAA-A187-790783A2EF48} = {94AA75DA-82BB-4A1C-A47D-D6E25656CB6A}
		{C37177A6-1037-44CC-B15A-90B303CF819E} = {94AA75DA-82BB-4A1C-A47D-D6E25656CB6A}
		{72693430-F19C-4121-9FD8-9398908E93A9} = {94AA75DA-82BB-4A1C-A47D-D6E25656CB6A}
		{0F266C5A-8922-4A27-9D09-D783FE90CEE9} = {B5267258-9746-4F0C-A34F-CFABE05986C2}
		{99189BC0-9483-4B4D-8B53-E112080FF106} = {B5267258-9746-4F0C-A34F-CFABE05986C2}
		{E0466625-2945-4027-9F91-EFDCEB1C5A01} = {B5267258-9746-4F0C-A34F-CFABE05986C2}
		{D43F87DA-3B86-4C14-93E3-7628D7A60EFC} = {CC27FB97-6F5C-4427-8129-73244D397341}
		{1A3B09CC-8E50-43BF-ABBF-C6D71317A2F9} = {CC27FB97-6F5C-4427-8129-73244D397341}
		{CA28AE95-8C63-4EBE-A2BB-015DE7F1465E} = {CC27FB97-6F5C-4427-8129-73244D397341}
		{292AAADA-AC8F-4C26-9D76-EDB9488B1049} = {6A4B338C-584D-4729-8BE7-9E78E13B2BE2}
		{71C3B02C-09E3-4B9B-A2C0-57F19AB88EC8} = {6A4B338C-584D-4729-8BE7-9E78E13B2BE2}
		{E8A5700D-2585-4E93-9A0F-C26D1505375C} = {6A4B338C-584D-4729-8BE7-9E78E13B2BE2}
		{BE8C249E-1D79-4D6E-A8E8-204B04DFCED5} = {0E1C704F-B925-40B8-B175-AB9D61E0E261}
		{595835EA-1891-497B-B844-254A9757C9D1} = {0E1C704F-B925-40B8-B175-AB9D61E0E261}
		{F1521B3E-668E-42EA-82B6-8B1CDB304B15} = {0E1C704F-B925-40B8-B175-AB9D61E0E261}
		{39C0DDBD-38D5-4B67-BA86-0FDD02841F2F} = {AF95BE5E-E39B-4FCE-8C0F-83C77E70B024}
		{77CE1BA6-4B13-4B6F-B5D3-CB0374DAA6A8} = {AF95BE5E-E39B-4FCE-8C0F-83C77E70B024}
		{6CB70CE7-B3FC-46AF-B3EA-EB78D3B13FB6} = {AF95BE5E-E39B-4FCE-8C0F-83C77E70B024}
		{F5165659-A761-419C-AFCC-B91F06EBD71B} = {84A35AE8-0178-4492-8246-D0C2C2A24699}
		{A43491BD-4FB8-449B-8DB2-26956AAAB46E} = {84A35AE8-0178-4492-8246-D0C2C2A24699}
		{C666C7DC-BC22-49B8-BBD8-6A769A5E3820} = {84A35AE8-0178-4492-8246-D0C2C2A24699}
		{86E16CD7-8DEE-4F3B-90ED-7271E2E2B7D9} = {5EA2FBB7-308B-450C-B649-0FDFCB079677}
		{B7C1D8A5-BC48-4055-905F-06431E636DB0} = {5EA2FBB7-308B-450C-B649-0FDFCB079677}
		{A2371DA8-44AD-4DFE-998D-F9A6AB1663AD} = {5EA2FBB7-308B-450C-B649-0FDFCB079677}
	EndGlobalSection
	GlobalSection(ExtensibilityGlobals) = postSolution
		SolutionGuid = {7F0C2B52-719D-4D34-B3BA-931D8D07B8F7}
	EndGlobalSection
EndGlobal
