
Microsoft Visual Studio Solution File, Format Version 12.00
# Visual Studio Version 16
VisualStudioVersion = 16.0.34031.81
MinimumVisualStudioVersion = 10.0.40219.1
Project("{2150E333-8FDC-42A3-9474-1A3956D46DE8}") = "Task0", "Task0", "{94AA75DA-82BB-4A1C-A47D-D6E25656CB6A}"
EndProject
Project("{FAE04EC0-301F-11D3-BF4B-00C04F79EFBC}") = "Tyuiu.UsoltsevAD.Sprint2.Task0.V28", "Tyuiu.UsoltsevAD.Sprint2.Task0.V28\Tyuiu.UsoltsevAD.Sprint2.Task0.V28.csproj", "{8232D304-FBFE-4AAA-A187-790783A2EF48}"
EndProject
Project("{FAE04EC0-301F-11D3-BF4B-00C04F79EFBC}") = "Tyuiu.UsoltsevAD.Sprint2.Task0.V28.Lib", "Tyuiu.UsoltsevAD.Sprint2.Task0.V28.Lib\Tyuiu.UsoltsevAD.Sprint2.Task0.V28.Lib.csproj", "{C37177A6-1037-44CC-B15A-90B303CF819E}"
EndProject
Project("{FAE04EC0-301F-11D3-BF4B-00C04F79EFBC}") = "Tyuiu.UsoltsevAD.Sprint2.Task0.V28.Test", "Tyuiu.UsoltsevAD.Sprint2.Task0.V28.Test\Tyuiu.UsoltsevAD.Sprint2.Task0.V28.Test.csproj", "{72693430-F19C-4121-9FD8-9398908E93A9}"
EndProject
Project("{2150E333-8FDC-42A3-9474-1A3956D46DE8}") = "Task1", "Task1", "{B5267258-9746-4F0C-A34F-CFABE05986C2}"
EndProject
Project("{FAE04EC0-301F-11D3-BF4B-00C04F79EFBC}") = "Tyuiu.UsoltsevAD.Sprint2.Task1.V17", "Tyuiu.UsoltsevAD.Sprint2.Task1.V17\Tyuiu.UsoltsevAD.Sprint2.Task1.V17.csproj", "{0F266C5A-8922-4A27-9D09-D783FE90CEE9}"
EndProject
Project("{FAE04EC0-301F-11D3-BF4B-00C04F79EFBC}") = "Tyuiu.UsoltsevAD.Sprint2.Task1.V17.Lib", "Tyuiu.UsoltsevAD.Sprint2.Task1.V17.Lib\Tyuiu.UsoltsevAD.Sprint2.Task1.V17.Lib.csproj", "{99189BC0-9483-4B4D-8B53-E112080FF106}"
EndProject
Project("{FAE04EC0-301F-11D3-BF4B-00C04F79EFBC}") = "Tyuiu.UsoltsevAD.Sprint2.Task1.V17.Test", "Tyuiu.UsoltsevAD.Sprint2.Task1.V17.Test\Tyuiu.UsoltsevAD.Sprint2.Task1.V17.Test.csproj", "{E0466625-2945-4027-9F91-EFDCEB1C5A01}"
EndProject
Global
	GlobalSection(SolutionConfigurationPlatforms) = preSolution
		Debug|Any CPU = Debug|Any CPU
		Release|Any CPU = Release|Any CPU
	EndGlobalSection
	GlobalSection(ProjectConfigurationPlatforms) = postSolution
		{8232D304-FBFE-4AAA-A187-790783A2EF48}.Debug|Any CPU.ActiveCfg = Debug|Any CPU
		{8232D304-FBFE-4AAA-A187-790783A2EF48}.Debug|Any CPU.Build.0 = Debug|Any CPU
		{8232D304-FBFE-4AAA-A187-790783A2EF48}.Release|Any CPU.ActiveCfg = Release|Any CPU
		{8232D304-FBFE-4AAA-A187-790783A2EF48}.Release|Any CPU.Build.0 = Release|Any CPU
		{C37177A6-1037-44CC-B15A-90B303CF819E}.Debug|Any CPU.ActiveCfg = Debug|Any CPU
		{C37177A6-1037-44CC-B15A-90B303CF819E}.Debug|Any CPU.Build.0 = Debug|Any CPU
		{C37177A6-1037-44CC-B15A-90B303CF819E}.Release|Any CPU.ActiveCfg = Release|Any CPU
		{C37177A6-1037-44CC-B15A-90B303CF819E}.Release|Any CPU.Build.0 = Release|Any CPU
		{72693430-F19C-4121-9FD8-9398908E93A9}.Debug|Any CPU.ActiveCfg = Debug|Any CPU
		{72693430-F19C-4121-9FD8-9398908E93A9}.Debug|Any CPU.Build.0 = Debug|Any CPU
		{72693430-F19C-4121-9FD8-9398908E93A9}.Release|Any CPU.ActiveCfg = Release|Any CPU
		{72693430-F19C-4121-9FD8-9398908E93A9}.Release|Any CPU.Build.0 = Release|Any CPU
		{0F266C5A-8922-4A27-9D09-D783FE90CEE9}.Debug|Any CPU.ActiveCfg = Debug|Any CPU
		{0F266C5A-8922-4A27-9D09-D783FE90CEE9}.Debug|Any CPU.Build.0 = Debug|Any CPU
		{0F266C5A-8922-4A27-9D09-D783FE90CEE9}.Release|Any CPU.ActiveCfg = Release|Any CPU
		{0F266C5A-8922-4A27-9D09-D783FE90CEE9}.Release|Any CPU.Build.0 = Release|Any CPU
		{99189BC0-9483-4B4D-8B53-E112080FF106}.Debug|Any CPU.ActiveCfg = Debug|Any CPU
		{99189BC0-9483-4B4D-8B53-E112080FF106}.Debug|Any CPU.Build.0 = Debug|Any CPU
		{99189BC0-9483-4B4D-8B53-E112080FF106}.Release|Any CPU.ActiveCfg = Release|Any CPU
		{99189BC0-9483-4B4D-8B53-E112080FF106}.Release|Any CPU.Build.0 = Release|Any CPU
		{E0466625-2945-4027-9F91-EFDCEB1C5A01}.Debug|Any CPU.ActiveCfg = Debug|Any CPU
		{E0466625-2945-4027-9F91-EFDCEB1C5A01}.Debug|Any CPU.Build.0 = Debug|Any CPU
		{E0466625-2945-4027-9F91-EFDCEB1C5A01}.Release|Any CPU.ActiveCfg = Release|Any CPU
		{E0466625-2945-4027-9F91-EFDCEB1C5A01}.Release|Any CPU.Build.0 = Release|Any CPU
	EndGlobalSection
	GlobalSection(SolutionProperties) = preSolution
		HideSolutionNode = FALSE
	EndGlobalSection
	GlobalSection(NestedProjects) = preSolution
		{8232D304-FBFE-4AAA-A187-790783A2EF48} = {94AA75DA-82BB-4A1C-A47D-D6E25656CB6A}
		{C37177A6-1037-44CC-B15A-90B303CF819E} = {94AA75DA-82BB-4A1C-A47D-D6E25656CB6A}
		{72693430-F19C-4121-9FD8-9398908E93A9} = {94AA75DA-82BB-4A1C-A47D-D6E25656CB6A}
		{0F266C5A-8922-4A27-9D09-D783FE90CEE9} = {B5267258-9746-4F0C-A34F-CFABE05986C2}
		{99189BC0-9483-4B4D-8B53-E112080FF106} = {B5267258-9746-4F0C-A34F-CFABE05986C2}
		{E0466625-2945-4027-9F91-EFDCEB1C5A01} = {B5267258-9746-4F0C-A34F-CFABE05986C2}
	EndGlobalSection
	GlobalSection(ExtensibilityGlobals) = postSolution
		SolutionGuid = {7F0C2B52-719D-4D34-B3BA-931D8D07B8F7}
	EndGlobalSection
EndGlobal
